
Microsoft Visual Studio Solution File, Format Version 12.00
# Visual Studio 15
VisualStudioVersion = 15.0.26228.9
MinimumVisualStudioVersion = 10.0.40219.1
Project("{FAE04EC0-301F-11D3-BF4B-00C04F79EFBC}") = "FACEBOOK", "Login\FACEBOOK.csproj", "{D10A1186-F69E-4401-9E11-A5DA1643C001}"
EndProject
Global
	GlobalSection(SolutionConfigurationPlatforms) = preSolution
		Debug|Any CPU = Debug|Any CPU
		Release|Any CPU = Release|Any CPU
	EndGlobalSection
	GlobalSection(ProjectConfigurationPlatforms) = postSolution
		{D10A1186-F69E-4401-9E11-A5DA1643C001}.Debug|Any CPU.ActiveCfg = Debug|Any CPU
		{D10A1186-F69E-4401-9E11-A5DA1643C001}.Debug|Any CPU.Build.0 = Debug|Any CPU
		{D10A1186-F69E-4401-9E11-A5DA1643C001}.Release|Any CPU.ActiveCfg = Release|Any CPU
		{D10A1186-F69E-4401-9E11-A5DA1643C001}.Release|Any CPU.Build.0 = Release|Any CPU
	EndGlobalSection
	GlobalSection(SolutionProperties) = preSolution
		HideSolutionNode = FALSE
	EndGlobalSection
	GlobalSection(ExtensibilityGlobals) = postSolution
		SolutionGuid = {D944CE1E-B57B-45F4-ACB3-18C8FE195589}
	EndGlobalSection
EndGlobal
